{
    "_readme": [
        "This file locks the dependencies of your project to a known state",
        "Read more about it at https://getcomposer.org/doc/01-basic-usage.md#installing-dependencies",
        "This file is @generated automatically"
    ],
    "content-hash": "5f69e4dd663730dd1a5a9e1bcc131cfb",
    "packages": [
        {
            "name": "wpml/collect",
            "version": "dev-hotfix/wpmlga-766",
            "source": {
                "type": "git",
                "url": "https://github.com/OnTheGoSystems/collect.git",
                "reference": "a5913e6b9e003f88789196fd82722242a4f92b7e"
            },
            "dist": {
                "type": "zip",
                "url": "https://api.github.com/repos/OnTheGoSystems/collect/zipball/a5913e6b9e003f88789196fd82722242a4f92b7e",
                "reference": "a5913e6b9e003f88789196fd82722242a4f92b7e",
                "shasum": ""
            },
            "require": {
                "php": ">=5.5.9"
            },
            "require-dev": {
                "mockery/mockery": "~0.9.4",
                "phpunit/phpunit": "~4.1"
            },
            "type": "library",
            "autoload": {
                "files": [
                    "src/Illuminate/Support/helpers.php"
                ],
                "psr-4": {
                    "WPML\\Collect\\": "src/Illuminate"
                }
            },
            "notification-url": "https://packagist.org/downloads/",
            "license": [
                "MIT"
            ],
            "authors": [
                {
                    "name": "Taylor Otwell",
                    "email": "taylorotwell@gmail.com"
                }
            ],
            "description": "Collect - Illuminate Collections as a separate package.",
            "keywords": [
                "collection",
                "laravel"
            ],
            "time": "2020-10-22T07:50:00+00:00"
        },
        {
            "name": "wpml/core-api",
            "version": "dev-hotfix/wpmlga-766",
            "source": {
                "type": "git",
                "url": "https://git.onthegosystems.com/wpml-packages/core-api.git",
                "reference": "b91c8960c9f53bf23cf194d87eab8ceba64f2607"
            },
            "require-dev": {
                "10up/wp_mock": "0.2.0",
                "antecedent/patchwork": "^2.0",
                "cvuorinen/phpdoc-markdown-public": "^0.2.0",
                "otgs/unit-tests-framework": "~1.2.0",
                "wpml/collect": "dev-wpml-collect-rename",
                "wpml/fp": "dev-develop",
                "wpml/wp": "dev-develop"
            },
            "type": "library",
            "autoload": {
                "classmap": [
                    "core"
                ],
                "files": []
            },
            "notification-url": "https://packagist.org/downloads/",
            "license": [
                "MIT"
            ],
            "authors": [
                {
                    "name": "Bruce Pearson",
                    "email": "bruce@onthegosystems.com"
                }
            ],
            "description": "Class and utilities to interface with WPML core functionality",
            "time": "2020-10-22T07:47:20+00:00"
        },
        {
            "name": "wpml/fp",
            "version": "dev-hotfix/wpmlga-766",
            "source": {
                "type": "git",
                "url": "https://git.onthegosystems.com/wpml-packages/fp.git",
                "reference": "49c1cc25fad99cc63bf224028fedc593280c6863"
            },
            "require-dev": {
                "cvuorinen/phpdoc-markdown-public": "^0.2.0",
                "lucatume/function-mocker": "~1.0",
                "phpunit/phpunit": "^5",
                "wpml/collect": "dev-wpml-collect-rename"
            },
            "type": "library",
            "autoload": {
                "classmap": [
                    "core"
                ],
                "files": [
                    "core/functions.php",
                    "core/strings_functions.php",
                    "core/system.php"
                ]
            },
            "notification-url": "https://packagist.org/downloads/",
            "time": "2020-10-21T09:21:25+00:00"
        },
        {
            "name": "wpml/wp",
            "version": "dev-hotfix/wpmlga-766",
            "source": {
                "type": "git",
                "url": "https://git.onthegosystems.com/wpml-packages/wp.git",
                "reference": "7658d664eaba8a9b4bb0bc6a57b2237e460f926a"
            },
            "require-dev": {
                "antecedent/patchwork": "^2.0",
                "otgs/unit-tests-framework": "~1.2.0",
                "wpml/collect": "dev-wpml-collect-rename",
                "wpml/fp": "dev-develop"
            },
            "type": "library",
            "autoload": {
                "classmap": [
                    "classes/"
                ],
                "files": []
            },
            "notification-url": "https://packagist.org/downloads/",
            "license": [
                "MIT"
            ],
            "authors": [
                {
                    "name": "Bruce Pearson",
                    "email": "bruce@onthegosystems.com"
                }
            ],
            "description": "Class and utilities to interface with WordPress from WPML",
            "time": "2020-10-22T07:48:38+00:00"
        }
    ],
    "packages-dev": [
        {
            "name": "php-stubs/wordpress-stubs",
            "version": "v5.5.1",
            "source": {
                "type": "git",
                "url": "https://github.com/php-stubs/wordpress-stubs.git",
                "reference": "5b62027b3f3b9de4994da627898599460f054584"
            },
            "dist": {
                "type": "zip",
                "url": "https://api.github.com/repos/php-stubs/wordpress-stubs/zipball/5b62027b3f3b9de4994da627898599460f054584",
                "reference": "5b62027b3f3b9de4994da627898599460f054584",
                "shasum": ""
            },
            "replace": {
                "giacocorsiglia/wordpress-stubs": "*"
            },
            "require-dev": {
                "giacocorsiglia/stubs-generator": "^0.5.0",
                "php": "~7.1"
            },
            "suggest": {
                "paragonie/sodium_compat": "Pure PHP implementation of libsodium",
                "symfony/polyfill-php73": "Symfony polyfill backporting some PHP 7.3+ features to lower PHP versions",
                "szepeviktor/phpstan-wordpress": "WordPress extensions for PHPStan"
            },
            "type": "library",
            "notification-url": "https://packagist.org/downloads/",
            "license": [
                "MIT"
            ],
            "description": "WordPress function and class declaration stubs for static analysis.",
            "homepage": "https://github.com/php-stubs/wordpress-stubs",
            "keywords": [
                "PHPStan",
                "static analysis",
                "wordpress"
            ],
            "time": "2020-09-02T05:31:36+00:00"
        },
        {
            "name": "phpstan/phpstan",
            "version": "0.12.50",
            "source": {
                "type": "git",
                "url": "https://github.com/phpstan/phpstan.git",
                "reference": "b8248f9c81265af75d6d969ca3252aaf3e998f3a"
            },
            "dist": {
                "type": "zip",
                "url": "https://api.github.com/repos/phpstan/phpstan/zipball/b8248f9c81265af75d6d969ca3252aaf3e998f3a",
                "reference": "b8248f9c81265af75d6d969ca3252aaf3e998f3a",
                "shasum": ""
            },
            "require": {
                "php": "^7.1|^8.0"
            },
            "conflict": {
                "phpstan/phpstan-shim": "*"
            },
            "bin": [
                "phpstan",
                "phpstan.phar"
            ],
            "type": "library",
            "extra": {
                "branch-alias": {
                    "dev-master": "0.12-dev"
                }
            },
            "autoload": {
                "files": [
                    "bootstrap.php"
                ]
            },
            "notification-url": "https://packagist.org/downloads/",
            "license": [
                "MIT"
            ],
            "description": "PHPStan - PHP Static Analysis Tool",
            "funding": [
                {
                    "url": "https://github.com/ondrejmirtes",
                    "type": "github"
                },
                {
                    "url": "https://www.patreon.com/phpstan",
                    "type": "patreon"
                },
                {
                    "url": "https://tidelift.com/funding/github/packagist/phpstan/phpstan",
                    "type": "tidelift"
                }
            ],
            "time": "2020-10-16T12:22:23+00:00"
        },
        {
            "name": "symfony/polyfill-php73",
            "version": "v1.18.1",
            "source": {
                "type": "git",
                "url": "https://github.com/symfony/polyfill-php73.git",
                "reference": "fffa1a52a023e782cdcc221d781fe1ec8f87fcca"
            },
            "dist": {
                "type": "zip",
                "url": "https://api.github.com/repos/symfony/polyfill-php73/zipball/fffa1a52a023e782cdcc221d781fe1ec8f87fcca",
                "reference": "fffa1a52a023e782cdcc221d781fe1ec8f87fcca",
                "shasum": ""
            },
            "require": {
                "php": ">=5.3.3"
            },
            "type": "library",
            "extra": {
                "branch-alias": {
                    "dev-master": "1.18-dev"
                },
                "thanks": {
                    "name": "symfony/polyfill",
                    "url": "https://github.com/symfony/polyfill"
                }
            },
            "autoload": {
                "psr-4": {
                    "Symfony\\Polyfill\\Php73\\": ""
                },
                "files": [
                    "bootstrap.php"
                ],
                "classmap": [
                    "Resources/stubs"
                ]
            },
            "notification-url": "https://packagist.org/downloads/",
            "license": [
                "MIT"
            ],
            "authors": [
                {
                    "name": "Nicolas Grekas",
                    "email": "p@tchwork.com"
                },
                {
                    "name": "Symfony Community",
                    "homepage": "https://symfony.com/contributors"
                }
            ],
            "description": "Symfony polyfill backporting some PHP 7.3+ features to lower PHP versions",
            "homepage": "https://symfony.com",
            "keywords": [
                "compatibility",
                "polyfill",
                "portable",
                "shim"
            ],
            "funding": [
                {
                    "url": "https://symfony.com/sponsor",
                    "type": "custom"
                },
                {
                    "url": "https://github.com/fabpot",
                    "type": "github"
                },
                {
                    "url": "https://tidelift.com/funding/github/packagist/symfony/symfony",
                    "type": "tidelift"
                }
            ],
            "time": "2020-07-14T12:35:20+00:00"
        },
        {
            "name": "szepeviktor/phpstan-wordpress",
            "version": "v0.6.6",
            "source": {
                "type": "git",
                "url": "https://github.com/szepeviktor/phpstan-wordpress.git",
                "reference": "f5040549dc5f46d81ea2432de726c2a0a4ad1141"
            },
            "dist": {
                "type": "zip",
                "url": "https://api.github.com/repos/szepeviktor/phpstan-wordpress/zipball/f5040549dc5f46d81ea2432de726c2a0a4ad1141",
                "reference": "f5040549dc5f46d81ea2432de726c2a0a4ad1141",
                "shasum": ""
            },
            "require": {
                "php": "~7.1",
                "php-stubs/wordpress-stubs": "^4.7 || ^5.0",
                "phpstan/phpstan": "^0.12.26",
                "symfony/polyfill-php73": "^1.12.0"
            },
            "require-dev": {
                "composer/composer": "^1.8.6",
                "dealerdirect/phpcodesniffer-composer-installer": "^0.7.0",
                "php-parallel-lint/php-parallel-lint": "^1.1",
                "phpstan/phpstan-strict-rules": "^0.12",
                "szepeviktor/phpcs-psr-12-neutron-hybrid-ruleset": "^0.4.3"
            },
            "type": "phpstan-extension",
            "extra": {
                "phpstan": {
                    "includes": [
                        "extension.neon"
                    ]
                }
            },
            "autoload": {
                "psr-4": {
                    "PHPStan\\WordPress\\": "src/"
                }
            },
            "notification-url": "https://packagist.org/downloads/",
            "license": [
                "MIT"
            ],
            "description": "WordPress extensions for PHPStan",
            "keywords": [
                "PHPStan",
                "code analyse",
                "code analysis",
                "static analysis",
                "wordpress"
            ],
            "funding": [
                {
                    "url": "https://www.paypal.me/szepeviktor",
                    "type": "custom"
                }
            ],
            "time": "2020-10-18T12:11:45+00:00"
        }
    ],
    "aliases": [],
    "minimum-stability": "dev",
    "stability-flags": {
        "wpml/collect": 20,
        "wpml/core-api": 20,
        "wpml/fp": 20,
        "wpml/wp": 20
    },
    "prefer-stable": true,
    "prefer-lowest": false,
    "platform": [],
    "platform-dev": [],
    "platform-overrides": {
        "php": "5.6"
    },
    "plugin-api-version": "1.1.0"
}
